
Microsoft Visual Studio Solution File, Format Version 12.00
# Visual Studio 14
VisualStudioVersion = 14.0.25420.1
MinimumVisualStudioVersion = 10.0.40219.1
Project("{E24C65DC-7377-472B-9ABA-BC803B73C61A}") = "Kz-BMS", ".", "{E72236BC-05DF-4D2F-B3B2-0ADF12B9AB7E}"
	ProjectSection(WebsiteProperties) = preProject
		TargetFrameworkMoniker = ".NETFramework,Version%3Dv4.0"
		ProjectReferences = "{62E018F4-E607-4706-8D18-14A9DB456E47}|Futech.Tools.dll;"
		Debug.AspNetCompiler.VirtualPath = "/Kz-BMS"
		Debug.AspNetCompiler.PhysicalPath = "..\Kz-BMS\"
		Debug.AspNetCompiler.TargetPath = "PrecompiledWeb\Kz-BMS\"
		Debug.AspNetCompiler.Updateable = "true"
		Debug.AspNetCompiler.ForceOverwrite = "true"
		Debug.AspNetCompiler.FixedNames = "false"
		Debug.AspNetCompiler.Debug = "True"
		Release.AspNetCompiler.VirtualPath = "/Kz-BMS"
		Release.AspNetCompiler.PhysicalPath = "..\Kz-BMS\"
		Release.AspNetCompiler.TargetPath = "PrecompiledWeb\Kz-BMS\"
		Release.AspNetCompiler.Updateable = "true"
		Release.AspNetCompiler.ForceOverwrite = "true"
		Release.AspNetCompiler.FixedNames = "false"
		Release.AspNetCompiler.Debug = "False"
		VWDPort = "22689"
		SlnRelativePath = "..\Kz-BMS\"
	EndProjectSection
EndProject
Project("{FAE04EC0-301F-11D3-BF4B-00C04F79EFBC}") = "Futech.Tools", "..\Futech.Tools\Futech.Tools.csproj", "{62E018F4-E607-4706-8D18-14A9DB456E47}"
EndProject
Global
	GlobalSection(SolutionConfigurationPlatforms) = preSolution
		Debug|Any CPU = Debug|Any CPU
		Release|Any CPU = Release|Any CPU
	EndGlobalSection
	GlobalSection(ProjectConfigurationPlatforms) = postSolution
		{E72236BC-05DF-4D2F-B3B2-0ADF12B9AB7E}.Debug|Any CPU.ActiveCfg = Debug|Any CPU
		{E72236BC-05DF-4D2F-B3B2-0ADF12B9AB7E}.Debug|Any CPU.Build.0 = Debug|Any CPU
		{E72236BC-05DF-4D2F-B3B2-0ADF12B9AB7E}.Release|Any CPU.ActiveCfg = Debug|Any CPU
		{E72236BC-05DF-4D2F-B3B2-0ADF12B9AB7E}.Release|Any CPU.Build.0 = Debug|Any CPU
		{62E018F4-E607-4706-8D18-14A9DB456E47}.Debug|Any CPU.ActiveCfg = Debug|Any CPU
		{62E018F4-E607-4706-8D18-14A9DB456E47}.Debug|Any CPU.Build.0 = Debug|Any CPU
		{62E018F4-E607-4706-8D18-14A9DB456E47}.Release|Any CPU.ActiveCfg = Release|Any CPU
		{62E018F4-E607-4706-8D18-14A9DB456E47}.Release|Any CPU.Build.0 = Release|Any CPU
	EndGlobalSection
	GlobalSection(SolutionProperties) = preSolution
		HideSolutionNode = FALSE
	EndGlobalSection
EndGlobal
